
Microsoft Visual Studio Solution File, Format Version 12.00
# Visual Studio Version 16
VisualStudioVersion = 16.0.30907.101
MinimumVisualStudioVersion = 10.0.40219.1
Project("{FAE04EC0-301F-11D3-BF4B-00C04F79EFBC}") = "SeleniumBase", "SeleniumBase\SeleniumBase.csproj", "{011FC15C-3012-40E7-9096-093B087F2D0E}"
EndProject
Global
	GlobalSection(SolutionConfigurationPlatforms) = preSolution
		Debug|Any CPU = Debug|Any CPU
		Release|Any CPU = Release|Any CPU
	EndGlobalSection
	GlobalSection(ProjectConfigurationPlatforms) = postSolution
		{011FC15C-3012-40E7-9096-093B087F2D0E}.Debug|Any CPU.ActiveCfg = Debug|Any CPU
		{011FC15C-3012-40E7-9096-093B087F2D0E}.Debug|Any CPU.Build.0 = Debug|Any CPU
		{011FC15C-3012-40E7-9096-093B087F2D0E}.Release|Any CPU.ActiveCfg = Release|Any CPU
		{011FC15C-3012-40E7-9096-093B087F2D0E}.Release|Any CPU.Build.0 = Release|Any CPU
	EndGlobalSection
	GlobalSection(SolutionProperties) = preSolution
		HideSolutionNode = FALSE
	EndGlobalSection
	GlobalSection(ExtensibilityGlobals) = postSolution
		SolutionGuid = {3573E5D3-2F6A-43F7-811B-E0447B0104AF}
	EndGlobalSection
EndGlobal
